
Microsoft Visual Studio Solution File, Format Version 12.00
# Visual Studio Version 16
VisualStudioVersion = 16.0.29519.181
MinimumVisualStudioVersion = 10.0.40219.1
Project("{9A19103F-16F7-4668-BE54-9A1E7A4F7556}") = "MetricsIntegrator", "src\MetricsIntegrator.csproj", "{9ACFD02C-43D5-46E1-9ECE-B5EEABC5154A}"
EndProject
Project("{9A19103F-16F7-4668-BE54-9A1E7A4F7556}") = "MetricsIntegratorTest", "test\MetricsIntegratorTest.csproj", "{E7FD9855-5028-40FB-B453-EAADA915CE2C}"
EndProject
Global
	GlobalSection(SolutionConfigurationPlatforms) = preSolution
		Debug|Any CPU = Debug|Any CPU
		Release|Any CPU = Release|Any CPU
	EndGlobalSection
	GlobalSection(ProjectConfigurationPlatforms) = postSolution
		{9ACFD02C-43D5-46E1-9ECE-B5EEABC5154A}.Debug|Any CPU.ActiveCfg = Debug|Any CPU
		{9ACFD02C-43D5-46E1-9ECE-B5EEABC5154A}.Debug|Any CPU.Build.0 = Debug|Any CPU
		{9ACFD02C-43D5-46E1-9ECE-B5EEABC5154A}.Release|Any CPU.ActiveCfg = Release|Any CPU
		{9ACFD02C-43D5-46E1-9ECE-B5EEABC5154A}.Release|Any CPU.Build.0 = Release|Any CPU
		{E7FD9855-5028-40FB-B453-EAADA915CE2C}.Debug|Any CPU.ActiveCfg = Debug|Any CPU
		{E7FD9855-5028-40FB-B453-EAADA915CE2C}.Debug|Any CPU.Build.0 = Debug|Any CPU
		{E7FD9855-5028-40FB-B453-EAADA915CE2C}.Release|Any CPU.ActiveCfg = Release|Any CPU
		{E7FD9855-5028-40FB-B453-EAADA915CE2C}.Release|Any CPU.Build.0 = Release|Any CPU
	EndGlobalSection
	GlobalSection(SolutionProperties) = preSolution
		HideSolutionNode = FALSE
	EndGlobalSection
	GlobalSection(NestedProjects) = preSolution
		{9ACFD02C-43D5-46E1-9ECE-B5EEABC5154A} = {17444F35-D179-43FC-A1C0-FF09E4B1C13B}
		{E7FD9855-5028-40FB-B453-EAADA915CE2C} = {F503CF14-32B9-4283-AE97-55281E212D94}
	EndGlobalSection
	GlobalSection(ExtensibilityGlobals) = postSolution
		SolutionGuid = {DC441F0E-4942-472A-BE1A-E5B5E2AF3B26}
	EndGlobalSection
EndGlobal
